
Microsoft Visual Studio Solution File, Format Version 12.00
# Visual Studio 2013
VisualStudioVersion = 12.0.31101.0
MinimumVisualStudioVersion = 10.0.40219.1
Project("{FAE04EC0-301F-11D3-BF4B-00C04F79EFBC}") = "StackLang.Parser", "StackLang.Parser\StackLang.Parser.csproj", "{22D3E8DC-A5B4-46C0-875F-CFE28FB9E15E}"
EndProject
Project("{FAE04EC0-301F-11D3-BF4B-00C04F79EFBC}") = "StackLang.Core", "StackLang.Core\StackLang.Core.csproj", "{D1896BBB-14C1-4726-8ACB-D169A7BD689B}"
EndProject
Global
	GlobalSection(SolutionConfigurationPlatforms) = preSolution
		Debug|Any CPU = Debug|Any CPU
		Release|Any CPU = Release|Any CPU
	EndGlobalSection
	GlobalSection(ProjectConfigurationPlatforms) = postSolution
		{22D3E8DC-A5B4-46C0-875F-CFE28FB9E15E}.Debug|Any CPU.ActiveCfg = Debug|Any CPU
		{22D3E8DC-A5B4-46C0-875F-CFE28FB9E15E}.Debug|Any CPU.Build.0 = Debug|Any CPU
		{22D3E8DC-A5B4-46C0-875F-CFE28FB9E15E}.Release|Any CPU.ActiveCfg = Release|Any CPU
		{22D3E8DC-A5B4-46C0-875F-CFE28FB9E15E}.Release|Any CPU.Build.0 = Release|Any CPU
		{D1896BBB-14C1-4726-8ACB-D169A7BD689B}.Debug|Any CPU.ActiveCfg = Debug|Any CPU
		{D1896BBB-14C1-4726-8ACB-D169A7BD689B}.Debug|Any CPU.Build.0 = Debug|Any CPU
		{D1896BBB-14C1-4726-8ACB-D169A7BD689B}.Release|Any CPU.ActiveCfg = Release|Any CPU
		{D1896BBB-14C1-4726-8ACB-D169A7BD689B}.Release|Any CPU.Build.0 = Release|Any CPU
	EndGlobalSection
	GlobalSection(SolutionProperties) = preSolution
		HideSolutionNode = FALSE
	EndGlobalSection
EndGlobal
